// !$*UTF8*$!
{
	archiveVersion = 1;
	classes = {
	};
	objectVersion = 56;
	objects = {

/* Begin PBXBuildFile section */
		7F1103852A89922F00036174 /* AppDelegate.swift in Sources */ = {isa = PBXBuildFile; fileRef = 7F1103842A89922F00036174 /* AppDelegate.swift */; };
		7F1103872A89922F00036174 /* SceneDelegate.swift in Sources */ = {isa = PBXBuildFile; fileRef = 7F1103862A89922F00036174 /* SceneDelegate.swift */; };
		7F11038E2A89923200036174 /* Assets.xcassets in Resources */ = {isa = PBXBuildFile; fileRef = 7F11038D2A89923200036174 /* Assets.xcassets */; };
		7F1103912A89923200036174 /* LaunchScreen.storyboard in Resources */ = {isa = PBXBuildFile; fileRef = 7F11038F2A89923200036174 /* LaunchScreen.storyboard */; };
		7F1103A42A89974400036174 /* SplashVC.swift in Sources */ = {isa = PBXBuildFile; fileRef = 7F1103A22A89974400036174 /* SplashVC.swift */; };
		7F1103A52A89974400036174 /* SplashVC.xib in Resources */ = {isa = PBXBuildFile; fileRef = 7F1103A32A89974400036174 /* SplashVC.xib */; };
		7F72F4592A89AB2D0050AA2F /* ExtensionUIView.swift in Sources */ = {isa = PBXBuildFile; fileRef = 7F72F4582A89AB2D0050AA2F /* ExtensionUIView.swift */; };
		7FAF33722A89ADB400361E09 /* Constants.swift in Sources */ = {isa = PBXBuildFile; fileRef = 7FAF33712A89ADB400361E09 /* Constants.swift */; };
		7FAF33752A89AF3100361E09 /* NetworkService.swift in Sources */ = {isa = PBXBuildFile; fileRef = 7FAF33742A89AF3100361E09 /* NetworkService.swift */; };
		7FAF337A2A89AF8E00361E09 /* Reachability.swift in Sources */ = {isa = PBXBuildFile; fileRef = 7FAF33792A89AF8E00361E09 /* Reachability.swift */; };
		7FC82D482A899E1100A4895E /* LoginVC.swift in Sources */ = {isa = PBXBuildFile; fileRef = 7FC82D462A899E1100A4895E /* LoginVC.swift */; };
		7FC82D492A899E1100A4895E /* LoginVC.xib in Resources */ = {isa = PBXBuildFile; fileRef = 7FC82D472A899E1100A4895E /* LoginVC.xib */; };
		7FC82D4B2A899FC100A4895E /* LoginViewModel.swift in Sources */ = {isa = PBXBuildFile; fileRef = 7FC82D4A2A899FC100A4895E /* LoginViewModel.swift */; };
		7FC82D4E2A899FF600A4895E /* RxCocoa in Frameworks */ = {isa = PBXBuildFile; productRef = 7FC82D4D2A899FF600A4895E /* RxCocoa */; };
		7FC82D502A899FF600A4895E /* RxRelay in Frameworks */ = {isa = PBXBuildFile; productRef = 7FC82D4F2A899FF600A4895E /* RxRelay */; };
		7FC82D522A899FF600A4895E /* RxSwift in Frameworks */ = {isa = PBXBuildFile; productRef = 7FC82D512A899FF600A4895E /* RxSwift */; };
		7FDDC58C2A8A2E6A000373DC /* Error.swift in Sources */ = {isa = PBXBuildFile; fileRef = 7FDDC58B2A8A2E6A000373DC /* Error.swift */; };
		7FDDC5902A8A2F4D000373DC /* LoginRepoImple.swift in Sources */ = {isa = PBXBuildFile; fileRef = 7FDDC58F2A8A2F4D000373DC /* LoginRepoImple.swift */; };
		7FDDC5942A8A2F97000373DC /* LoginRepoProtocol.swift in Sources */ = {isa = PBXBuildFile; fileRef = 7FDDC5932A8A2F97000373DC /* LoginRepoProtocol.swift */; };
		7FDDC5972A8A2FDE000373DC /* UserData.swift in Sources */ = {isa = PBXBuildFile; fileRef = 7FDDC5962A8A2FDE000373DC /* UserData.swift */; };
		7FDDC59A2A8A3F3E000373DC /* LoginUseCase.swift in Sources */ = {isa = PBXBuildFile; fileRef = 7FDDC5992A8A3F3E000373DC /* LoginUseCase.swift */; };
		7FDDC5A02A8A56D4000373DC /* HomeVC.swift in Sources */ = {isa = PBXBuildFile; fileRef = 7FDDC59E2A8A56D4000373DC /* HomeVC.swift */; };
		7FDDC5A12A8A56D4000373DC /* HomeVC.xib in Resources */ = {isa = PBXBuildFile; fileRef = 7FDDC59F2A8A56D4000373DC /* HomeVC.xib */; };
		7FDDC5A42A8A57FD000373DC /* HomeViewModel.swift in Sources */ = {isa = PBXBuildFile; fileRef = 7FDDC5A32A8A57FD000373DC /* HomeViewModel.swift */; };
/* End PBXBuildFile section */

/* Begin PBXFileReference section */
		7F1103812A89922F00036174 /* Onyx-Delivery.app */ = {isa = PBXFileReference; explicitFileType = wrapper.application; includeInIndex = 0; path = "Onyx-Delivery.app"; sourceTree = BUILT_PRODUCTS_DIR; };
		7F1103842A89922F00036174 /* AppDelegate.swift */ = {isa = PBXFileReference; lastKnownFileType = sourcecode.swift; path = AppDelegate.swift; sourceTree = "<group>"; };
		7F1103862A89922F00036174 /* SceneDelegate.swift */ = {isa = PBXFileReference; lastKnownFileType = sourcecode.swift; path = SceneDelegate.swift; sourceTree = "<group>"; };
		7F11038D2A89923200036174 /* Assets.xcassets */ = {isa = PBXFileReference; lastKnownFileType = folder.assetcatalog; path = Assets.xcassets; sourceTree = "<group>"; };
		7F1103902A89923200036174 /* Base */ = {isa = PBXFileReference; lastKnownFileType = file.storyboard; name = Base; path = Base.lproj/LaunchScreen.storyboard; sourceTree = "<group>"; };
		7F1103922A89923200036174 /* Info.plist */ = {isa = PBXFileReference; lastKnownFileType = text.plist.xml; path = Info.plist; sourceTree = "<group>"; };
		7F1103A22A89974400036174 /* SplashVC.swift */ = {isa = PBXFileReference; lastKnownFileType = sourcecode.swift; path = SplashVC.swift; sourceTree = "<group>"; };
		7F1103A32A89974400036174 /* SplashVC.xib */ = {isa = PBXFileReference; lastKnownFileType = file.xib; path = SplashVC.xib; sourceTree = "<group>"; };
		7F72F4582A89AB2D0050AA2F /* ExtensionUIView.swift */ = {isa = PBXFileReference; lastKnownFileType = sourcecode.swift; path = ExtensionUIView.swift; sourceTree = "<group>"; };
		7FAF33712A89ADB400361E09 /* Constants.swift */ = {isa = PBXFileReference; lastKnownFileType = sourcecode.swift; path = Constants.swift; sourceTree = "<group>"; };
		7FAF33742A89AF3100361E09 /* NetworkService.swift */ = {isa = PBXFileReference; lastKnownFileType = sourcecode.swift; path = NetworkService.swift; sourceTree = "<group>"; };
		7FAF33792A89AF8E00361E09 /* Reachability.swift */ = {isa = PBXFileReference; lastKnownFileType = sourcecode.swift; path = Reachability.swift; sourceTree = "<group>"; };
		7FC82D462A899E1100A4895E /* LoginVC.swift */ = {isa = PBXFileReference; lastKnownFileType = sourcecode.swift; path = LoginVC.swift; sourceTree = "<group>"; };
		7FC82D472A899E1100A4895E /* LoginVC.xib */ = {isa = PBXFileReference; lastKnownFileType = file.xib; path = LoginVC.xib; sourceTree = "<group>"; };
		7FC82D4A2A899FC100A4895E /* LoginViewModel.swift */ = {isa = PBXFileReference; lastKnownFileType = sourcecode.swift; path = LoginViewModel.swift; sourceTree = "<group>"; };
		7FDDC58B2A8A2E6A000373DC /* Error.swift */ = {isa = PBXFileReference; lastKnownFileType = sourcecode.swift; path = Error.swift; sourceTree = "<group>"; };
		7FDDC58F2A8A2F4D000373DC /* LoginRepoImple.swift */ = {isa = PBXFileReference; lastKnownFileType = sourcecode.swift; name = LoginRepoImple.swift; path = ../../../../LoginRepoImple.swift; sourceTree = "<group>"; };
		7FDDC5932A8A2F97000373DC /* LoginRepoProtocol.swift */ = {isa = PBXFileReference; lastKnownFileType = sourcecode.swift; path = LoginRepoProtocol.swift; sourceTree = "<group>"; };
		7FDDC5962A8A2FDE000373DC /* UserData.swift */ = {isa = PBXFileReference; lastKnownFileType = sourcecode.swift; path = UserData.swift; sourceTree = "<group>"; };
		7FDDC5992A8A3F3E000373DC /* LoginUseCase.swift */ = {isa = PBXFileReference; lastKnownFileType = sourcecode.swift; path = LoginUseCase.swift; sourceTree = "<group>"; };
		7FDDC59E2A8A56D4000373DC /* HomeVC.swift */ = {isa = PBXFileReference; lastKnownFileType = sourcecode.swift; path = HomeVC.swift; sourceTree = "<group>"; };
		7FDDC59F2A8A56D4000373DC /* HomeVC.xib */ = {isa = PBXFileReference; lastKnownFileType = file.xib; path = HomeVC.xib; sourceTree = "<group>"; };
		7FDDC5A32A8A57FD000373DC /* HomeViewModel.swift */ = {isa = PBXFileReference; lastKnownFileType = sourcecode.swift; path = HomeViewModel.swift; sourceTree = "<group>"; };
/* End PBXFileReference section */

/* Begin PBXFrameworksBuildPhase section */
		7F11037E2A89922F00036174 /* Frameworks */ = {
			isa = PBXFrameworksBuildPhase;
			buildActionMask = 2147483647;
			files = (
				7FC82D522A899FF600A4895E /* RxSwift in Frameworks */,
				7FC82D502A899FF600A4895E /* RxRelay in Frameworks */,
				7FC82D4E2A899FF600A4895E /* RxCocoa in Frameworks */,
			);
			runOnlyForDeploymentPostprocessing = 0;
		};
/* End PBXFrameworksBuildPhase section */

/* Begin PBXGroup section */
		7F1103782A89922F00036174 = {
			isa = PBXGroup;
			children = (
				7F1103832A89922F00036174 /* Onyx-Delivery */,
				7F1103822A89922F00036174 /* Products */,
			);
			sourceTree = "<group>";
		};
		7F1103822A89922F00036174 /* Products */ = {
			isa = PBXGroup;
			children = (
				7F1103812A89922F00036174 /* Onyx-Delivery.app */,
			);
			name = Products;
			sourceTree = "<group>";
		};
		7F1103832A89922F00036174 /* Onyx-Delivery */ = {
			isa = PBXGroup;
			children = (
				7F1103982A89936200036174 /* Application */,
				7FAF33702A89ADA300361E09 /* Constant */,
				7F11039B2A89943000036174 /* Data */,
				7F11039C2A89943B00036174 /* Domain */,
				7F72F4572A89A9CC0050AA2F /* Extensions */,
				7FAF33782A89AF7E00361E09 /* Helper */,
				7F1103992A89938600036174 /* Resources */,
				7F11039D2A89944900036174 /* Presentation */,
			);
			path = "Onyx-Delivery";
			sourceTree = "<group>";
		};
		7F1103982A89936200036174 /* Application */ = {
			isa = PBXGroup;
			children = (
				7F1103842A89922F00036174 /* AppDelegate.swift */,
				7F1103862A89922F00036174 /* SceneDelegate.swift */,
			);
			path = Application;
			sourceTree = "<group>";
		};
		7F1103992A89938600036174 /* Resources */ = {
			isa = PBXGroup;
			children = (
				7F11038D2A89923200036174 /* Assets.xcassets */,
				7F11038F2A89923200036174 /* LaunchScreen.storyboard */,
				7F1103922A89923200036174 /* Info.plist */,
			);
			path = Resources;
			sourceTree = "<group>";
		};
		7F11039A2A89941E00036174 /* SplashVC */ = {
			isa = PBXGroup;
			children = (
				7F11039E2A89948A00036174 /* Controller */,
			);
			path = SplashVC;
			sourceTree = "<group>";
		};
		7F11039B2A89943000036174 /* Data */ = {
			isa = PBXGroup;
			children = (
				7FAF33732A89AF2600361E09 /* Network */,
				7FDDC58D2A8A2F22000373DC /* Repositories */,
			);
			path = Data;
			sourceTree = "<group>";
		};
		7F11039C2A89943B00036174 /* Domain */ = {
			isa = PBXGroup;
			children = (
				7FDDC5952A8A2FCF000373DC /* Entities */,
				7FDDC5982A8A3F1A000373DC /* UseCases */,
				7FDDC5912A8A2F7D000373DC /* Repository Interfaces */,
			);
			path = Domain;
			sourceTree = "<group>";
		};
		7F11039D2A89944900036174 /* Presentation */ = {
			isa = PBXGroup;
			children = (
				7FDDC59B2A8A569A000373DC /* Home */,
				7FC82D432A899DDA00A4895E /* LoginV */,
				7F11039A2A89941E00036174 /* SplashVC */,
			);
			path = Presentation;
			sourceTree = "<group>";
		};
		7F11039E2A89948A00036174 /* Controller */ = {
			isa = PBXGroup;
			children = (
				7F1103A22A89974400036174 /* SplashVC.swift */,
				7F1103A32A89974400036174 /* SplashVC.xib */,
			);
			path = Controller;
			sourceTree = "<group>";
		};
		7F72F4572A89A9CC0050AA2F /* Extensions */ = {
			isa = PBXGroup;
			children = (
				7F72F4582A89AB2D0050AA2F /* ExtensionUIView.swift */,
				7FDDC58B2A8A2E6A000373DC /* Error.swift */,
			);
			path = Extensions;
			sourceTree = "<group>";
		};
		7FAF33702A89ADA300361E09 /* Constant */ = {
			isa = PBXGroup;
			children = (
				7FAF33712A89ADB400361E09 /* Constants.swift */,
			);
			path = Constant;
			sourceTree = "<group>";
		};
		7FAF33732A89AF2600361E09 /* Network */ = {
			isa = PBXGroup;
			children = (
				7FAF33742A89AF3100361E09 /* NetworkService.swift */,
			);
			path = Network;
			sourceTree = "<group>";
		};
		7FAF33782A89AF7E00361E09 /* Helper */ = {
			isa = PBXGroup;
			children = (
				7FAF33792A89AF8E00361E09 /* Reachability.swift */,
			);
			path = Helper;
			sourceTree = "<group>";
		};
		7FC82D432A899DDA00A4895E /* LoginV */ = {
			isa = PBXGroup;
			children = (
				7FC82D442A899DE000A4895E /* View */,
				7FC82D452A899DFA00A4895E /* ViewModel */,
			);
			path = LoginV;
			sourceTree = "<group>";
		};
		7FC82D442A899DE000A4895E /* View */ = {
			isa = PBXGroup;
			children = (
				7FC82D462A899E1100A4895E /* LoginVC.swift */,
				7FC82D472A899E1100A4895E /* LoginVC.xib */,
			);
			path = View;
			sourceTree = "<group>";
		};
		7FC82D452A899DFA00A4895E /* ViewModel */ = {
			isa = PBXGroup;
			children = (
				7FC82D4A2A899FC100A4895E /* LoginViewModel.swift */,
			);
			path = ViewModel;
			sourceTree = "<group>";
		};
		7FDDC58D2A8A2F22000373DC /* Repositories */ = {
			isa = PBXGroup;
			children = (
				7FDDC58F2A8A2F4D000373DC /* LoginRepoImple.swift */,
			);
			path = Repositories;
			sourceTree = "<group>";
		};
		7FDDC5912A8A2F7D000373DC /* Repository Interfaces */ = {
			isa = PBXGroup;
			children = (
				7FDDC5932A8A2F97000373DC /* LoginRepoProtocol.swift */,
			);
			path = "Repository Interfaces";
			sourceTree = "<group>";
		};
		7FDDC5952A8A2FCF000373DC /* Entities */ = {
			isa = PBXGroup;
			children = (
				7FDDC5962A8A2FDE000373DC /* UserData.swift */,
			);
			path = Entities;
			sourceTree = "<group>";
		};
		7FDDC5982A8A3F1A000373DC /* UseCases */ = {
			isa = PBXGroup;
			children = (
				7FDDC5992A8A3F3E000373DC /* LoginUseCase.swift */,
			);
			path = UseCases;
			sourceTree = "<group>";
		};
		7FDDC59B2A8A569A000373DC /* Home */ = {
			isa = PBXGroup;
			children = (
				7FDDC59C2A8A56A9000373DC /* View */,
				7FDDC59D2A8A56AF000373DC /* ViewModel */,
			);
			path = Home;
			sourceTree = "<group>";
		};
		7FDDC59C2A8A56A9000373DC /* View */ = {
			isa = PBXGroup;
			children = (
				7FDDC59E2A8A56D4000373DC /* HomeVC.swift */,
				7FDDC59F2A8A56D4000373DC /* HomeVC.xib */,
			);
			path = View;
			sourceTree = "<group>";
		};
		7FDDC59D2A8A56AF000373DC /* ViewModel */ = {
			isa = PBXGroup;
			children = (
				7FDDC5A32A8A57FD000373DC /* HomeViewModel.swift */,
			);
			path = ViewModel;
			sourceTree = "<group>";
		};
/* End PBXGroup section */

/* Begin PBXNativeTarget section */
		7F1103802A89922F00036174 /* Onyx-Delivery */ = {
			isa = PBXNativeTarget;
			buildConfigurationList = 7F1103952A89923200036174 /* Build configuration list for PBXNativeTarget "Onyx-Delivery" */;
			buildPhases = (
				7F11037D2A89922F00036174 /* Sources */,
				7F11037E2A89922F00036174 /* Frameworks */,
				7F11037F2A89922F00036174 /* Resources */,
			);
			buildRules = (
			);
			dependencies = (
			);
			name = "Onyx-Delivery";
			packageProductDependencies = (
				7FC82D4D2A899FF600A4895E /* RxCocoa */,
				7FC82D4F2A899FF600A4895E /* RxRelay */,
				7FC82D512A899FF600A4895E /* RxSwift */,
			);
			productName = "Onyx-Delivery";
			productReference = 7F1103812A89922F00036174 /* Onyx-Delivery.app */;
			productType = "com.apple.product-type.application";
		};
/* End PBXNativeTarget section */

/* Begin PBXProject section */
		7F1103792A89922F00036174 /* Project object */ = {
			isa = PBXProject;
			attributes = {
				BuildIndependentTargetsInParallel = 1;
				LastSwiftUpdateCheck = 1420;
				LastUpgradeCheck = 1420;
				TargetAttributes = {
					7F1103802A89922F00036174 = {
						CreatedOnToolsVersion = 14.2;
					};
				};
			};
			buildConfigurationList = 7F11037C2A89922F00036174 /* Build configuration list for PBXProject "Onyx-Delivery" */;
			compatibilityVersion = "Xcode 14.0";
			developmentRegion = en;
			hasScannedForEncodings = 0;
			knownRegions = (
				en,
				Base,
			);
			mainGroup = 7F1103782A89922F00036174;
			packageReferences = (
				7FC82D4C2A899FF600A4895E /* XCRemoteSwiftPackageReference "RxSwift" */,
			);
			productRefGroup = 7F1103822A89922F00036174 /* Products */;
			projectDirPath = "";
			projectRoot = "";
			targets = (
				7F1103802A89922F00036174 /* Onyx-Delivery */,
			);
		};
/* End PBXProject section */

/* Begin PBXResourcesBuildPhase section */
		7F11037F2A89922F00036174 /* Resources */ = {
			isa = PBXResourcesBuildPhase;
			buildActionMask = 2147483647;
			files = (
				7F1103A52A89974400036174 /* SplashVC.xib in Resources */,
				7F1103912A89923200036174 /* LaunchScreen.storyboard in Resources */,
				7FDDC5A12A8A56D4000373DC /* HomeVC.xib in Resources */,
				7FC82D492A899E1100A4895E /* LoginVC.xib in Resources */,
				7F11038E2A89923200036174 /* Assets.xcassets in Resources */,
			);
			runOnlyForDeploymentPostprocessing = 0;
		};
/* End PBXResourcesBuildPhase section */

/* Begin PBXSourcesBuildPhase section */
		7F11037D2A89922F00036174 /* Sources */ = {
			isa = PBXSourcesBuildPhase;
			buildActionMask = 2147483647;
			files = (
				7FDDC5A42A8A57FD000373DC /* HomeViewModel.swift in Sources */,
				7F72F4592A89AB2D0050AA2F /* ExtensionUIView.swift in Sources */,
				7FDDC5902A8A2F4D000373DC /* LoginRepoImple.swift in Sources */,
				7FDDC5972A8A2FDE000373DC /* UserData.swift in Sources */,
				7F1103852A89922F00036174 /* AppDelegate.swift in Sources */,
				7FAF33752A89AF3100361E09 /* NetworkService.swift in Sources */,
				7FDDC58C2A8A2E6A000373DC /* Error.swift in Sources */,
				7F1103872A89922F00036174 /* SceneDelegate.swift in Sources */,
				7FC82D482A899E1100A4895E /* LoginVC.swift in Sources */,
				7FDDC5942A8A2F97000373DC /* LoginRepoProtocol.swift in Sources */,
				7FDDC5A02A8A56D4000373DC /* HomeVC.swift in Sources */,
				7FAF33722A89ADB400361E09 /* Constants.swift in Sources */,
				7FC82D4B2A899FC100A4895E /* LoginViewModel.swift in Sources */,
				7FAF337A2A89AF8E00361E09 /* Reachability.swift in Sources */,
				7F1103A42A89974400036174 /* SplashVC.swift in Sources */,
				7FDDC59A2A8A3F3E000373DC /* LoginUseCase.swift in Sources */,
			);
			runOnlyForDeploymentPostprocessing = 0;
		};
/* End PBXSourcesBuildPhase section */

/* Begin PBXVariantGroup section */
		7F11038F2A89923200036174 /* LaunchScreen.storyboard */ = {
			isa = PBXVariantGroup;
			children = (
				7F1103902A89923200036174 /* Base */,
			);
			name = LaunchScreen.storyboard;
			sourceTree = "<group>";
		};
/* End PBXVariantGroup section */

/* Begin XCBuildConfiguration section */
		7F1103932A89923200036174 /* Debug */ = {
			isa = XCBuildConfiguration;
			buildSettings = {
				ALWAYS_SEARCH_USER_PATHS = NO;
				CLANG_ANALYZER_NONNULL = YES;
				CLANG_ANALYZER_NUMBER_OBJECT_CONVERSION = YES_AGGRESSIVE;
				CLANG_CXX_LANGUAGE_STANDARD = "gnu++20";
				CLANG_ENABLE_MODULES = YES;
				CLANG_ENABLE_OBJC_ARC = YES;
				CLANG_ENABLE_OBJC_WEAK = YES;
				CLANG_WARN_BLOCK_CAPTURE_AUTORELEASING = YES;
				CLANG_WARN_BOOL_CONVERSION = YES;
				CLANG_WARN_COMMA = YES;
				CLANG_WARN_CONSTANT_CONVERSION = YES;
				CLANG_WARN_DEPRECATED_OBJC_IMPLEMENTATIONS = YES;
				CLANG_WARN_DIRECT_OBJC_ISA_USAGE = YES_ERROR;
				CLANG_WARN_DOCUMENTATION_COMMENTS = YES;
				CLANG_WARN_EMPTY_BODY = YES;
				CLANG_WARN_ENUM_CONVERSION = YES;
				CLANG_WARN_INFINITE_RECURSION = YES;
				CLANG_WARN_INT_CONVERSION = YES;
				CLANG_WARN_NON_LITERAL_NULL_CONVERSION = YES;
				CLANG_WARN_OBJC_IMPLICIT_RETAIN_SELF = YES;
				CLANG_WARN_OBJC_LITERAL_CONVERSION = YES;
				CLANG_WARN_OBJC_ROOT_CLASS = YES_ERROR;
				CLANG_WARN_QUOTED_INCLUDE_IN_FRAMEWORK_HEADER = YES;
				CLANG_WARN_RANGE_LOOP_ANALYSIS = YES;
				CLANG_WARN_STRICT_PROTOTYPES = YES;
				CLANG_WARN_SUSPICIOUS_MOVE = YES;
				CLANG_WARN_UNGUARDED_AVAILABILITY = YES_AGGRESSIVE;
				CLANG_WARN_UNREACHABLE_CODE = YES;
				CLANG_WARN__DUPLICATE_METHOD_MATCH = YES;
				COPY_PHASE_STRIP = NO;
				DEBUG_INFORMATION_FORMAT = dwarf;
				ENABLE_STRICT_OBJC_MSGSEND = YES;
				ENABLE_TESTABILITY = YES;
				GCC_C_LANGUAGE_STANDARD = gnu11;
				GCC_DYNAMIC_NO_PIC = NO;
				GCC_NO_COMMON_BLOCKS = YES;
				GCC_OPTIMIZATION_LEVEL = 0;
				GCC_PREPROCESSOR_DEFINITIONS = (
					"DEBUG=1",
					"$(inherited)",
				);
				GCC_WARN_64_TO_32_BIT_CONVERSION = YES;
				GCC_WARN_ABOUT_RETURN_TYPE = YES_ERROR;
				GCC_WARN_UNDECLARED_SELECTOR = YES;
				GCC_WARN_UNINITIALIZED_AUTOS = YES_AGGRESSIVE;
				GCC_WARN_UNUSED_FUNCTION = YES;
				GCC_WARN_UNUSED_VARIABLE = YES;
				IPHONEOS_DEPLOYMENT_TARGET = 16.2;
				MTL_ENABLE_DEBUG_INFO = INCLUDE_SOURCE;
				MTL_FAST_MATH = YES;
				ONLY_ACTIVE_ARCH = YES;
				SDKROOT = iphoneos;
				SWIFT_ACTIVE_COMPILATION_CONDITIONS = DEBUG;
				SWIFT_OPTIMIZATION_LEVEL = "-Onone";
			};
			name = Debug;
		};
		7F1103942A89923200036174 /* Release */ = {
			isa = XCBuildConfiguration;
			buildSettings = {
				ALWAYS_SEARCH_USER_PATHS = NO;
				CLANG_ANALYZER_NONNULL = YES;
				CLANG_ANALYZER_NUMBER_OBJECT_CONVERSION = YES_AGGRESSIVE;
				CLANG_CXX_LANGUAGE_STANDARD = "gnu++20";
				CLANG_ENABLE_MODULES = YES;
				CLANG_ENABLE_OBJC_ARC = YES;
				CLANG_ENABLE_OBJC_WEAK = YES;
				CLANG_WARN_BLOCK_CAPTURE_AUTORELEASING = YES;
				CLANG_WARN_BOOL_CONVERSION = YES;
				CLANG_WARN_COMMA = YES;
				CLANG_WARN_CONSTANT_CONVERSION = YES;
				CLANG_WARN_DEPRECATED_OBJC_IMPLEMENTATIONS = YES;
				CLANG_WARN_DIRECT_OBJC_ISA_USAGE = YES_ERROR;
				CLANG_WARN_DOCUMENTATION_COMMENTS = YES;
				CLANG_WARN_EMPTY_BODY = YES;
				CLANG_WARN_ENUM_CONVERSION = YES;
				CLANG_WARN_INFINITE_RECURSION = YES;
				CLANG_WARN_INT_CONVERSION = YES;
				CLANG_WARN_NON_LITERAL_NULL_CONVERSION = YES;
				CLANG_WARN_OBJC_IMPLICIT_RETAIN_SELF = YES;
				CLANG_WARN_OBJC_LITERAL_CONVERSION = YES;
				CLANG_WARN_OBJC_ROOT_CLASS = YES_ERROR;
				CLANG_WARN_QUOTED_INCLUDE_IN_FRAMEWORK_HEADER = YES;
				CLANG_WARN_RANGE_LOOP_ANALYSIS = YES;
				CLANG_WARN_STRICT_PROTOTYPES = YES;
				CLANG_WARN_SUSPICIOUS_MOVE = YES;
				CLANG_WARN_UNGUARDED_AVAILABILITY = YES_AGGRESSIVE;
				CLANG_WARN_UNREACHABLE_CODE = YES;
				CLANG_WARN__DUPLICATE_METHOD_MATCH = YES;
				COPY_PHASE_STRIP = NO;
				DEBUG_INFORMATION_FORMAT = "dwarf-with-dsym";
				ENABLE_NS_ASSERTIONS = NO;
				ENABLE_STRICT_OBJC_MSGSEND = YES;
				GCC_C_LANGUAGE_STANDARD = gnu11;
				GCC_NO_COMMON_BLOCKS = YES;
				GCC_WARN_64_TO_32_BIT_CONVERSION = YES;
				GCC_WARN_ABOUT_RETURN_TYPE = YES_ERROR;
				GCC_WARN_UNDECLARED_SELECTOR = YES;
				GCC_WARN_UNINITIALIZED_AUTOS = YES_AGGRESSIVE;
				GCC_WARN_UNUSED_FUNCTION = YES;
				GCC_WARN_UNUSED_VARIABLE = YES;
				IPHONEOS_DEPLOYMENT_TARGET = 16.2;
				MTL_ENABLE_DEBUG_INFO = NO;
				MTL_FAST_MATH = YES;
				SDKROOT = iphoneos;
				SWIFT_COMPILATION_MODE = wholemodule;
				SWIFT_OPTIMIZATION_LEVEL = "-O";
				VALIDATE_PRODUCT = YES;
			};
			name = Release;
		};
		7F1103962A89923200036174 /* Debug */ = {
			isa = XCBuildConfiguration;
			buildSettings = {
				ASSETCATALOG_COMPILER_APPICON_NAME = AppIcon;
				ASSETCATALOG_COMPILER_GLOBAL_ACCENT_COLOR_NAME = AccentColor;
				CODE_SIGN_STYLE = Automatic;
				CURRENT_PROJECT_VERSION = 1;
				DEVELOPMENT_TEAM = G2KS84NP5P;
				GENERATE_INFOPLIST_FILE = YES;
				INFOPLIST_FILE = "Onyx-Delivery/Resources/Info.plist";
				INFOPLIST_KEY_UIApplicationSupportsIndirectInputEvents = YES;
				INFOPLIST_KEY_UILaunchStoryboardName = LaunchScreen;
				INFOPLIST_KEY_UISupportedInterfaceOrientations = UIInterfaceOrientationPortrait;
				INFOPLIST_KEY_UISupportedInterfaceOrientations_iPad = "UIInterfaceOrientationLandscapeLeft UIInterfaceOrientationLandscapeRight UIInterfaceOrientationPortrait UIInterfaceOrientationPortraitUpsideDown";
				LD_RUNPATH_SEARCH_PATHS = (
					"$(inherited)",
					"@executable_path/Frameworks",
				);
				MARKETING_VERSION = 1.0;
				PRODUCT_BUNDLE_IDENTIFIER = "Mohamed-Khaled.Onyx-Delivery";
				PRODUCT_NAME = "$(TARGET_NAME)";
				SUPPORTED_PLATFORMS = "iphoneos iphonesimulator";
				SUPPORTS_MACCATALYST = NO;
				SUPPORTS_MAC_DESIGNED_FOR_IPHONE_IPAD = NO;
				SWIFT_EMIT_LOC_STRINGS = YES;
				SWIFT_VERSION = 5.0;
				TARGETED_DEVICE_FAMILY = 1;
			};
			name = Debug;
		};
		7F1103972A89923200036174 /* Release */ = {
			isa = XCBuildConfiguration;
			buildSettings = {
				ASSETCATALOG_COMPILER_APPICON_NAME = AppIcon;
				ASSETCATALOG_COMPILER_GLOBAL_ACCENT_COLOR_NAME = AccentColor;
				CODE_SIGN_STYLE = Automatic;
				CURRENT_PROJECT_VERSION = 1;
				DEVELOPMENT_TEAM = G2KS84NP5P;
				GENERATE_INFOPLIST_FILE = YES;
				INFOPLIST_FILE = "Onyx-Delivery/Resources/Info.plist";
				INFOPLIST_KEY_UIApplicationSupportsIndirectInputEvents = YES;
				INFOPLIST_KEY_UILaunchStoryboardName = LaunchScreen;
				INFOPLIST_KEY_UISupportedInterfaceOrientations = UIInterfaceOrientationPortrait;
				INFOPLIST_KEY_UISupportedInterfaceOrientations_iPad = "UIInterfaceOrientationLandscapeLeft UIInterfaceOrientationLandscapeRight UIInterfaceOrientationPortrait UIInterfaceOrientationPortraitUpsideDown";
				LD_RUNPATH_SEARCH_PATHS = (
					"$(inherited)",
					"@executable_path/Frameworks",
				);
				MARKETING_VERSION = 1.0;
				PRODUCT_BUNDLE_IDENTIFIER = "Mohamed-Khaled.Onyx-Delivery";
				PRODUCT_NAME = "$(TARGET_NAME)";
				SUPPORTED_PLATFORMS = "iphoneos iphonesimulator";
				SUPPORTS_MACCATALYST = NO;
				SUPPORTS_MAC_DESIGNED_FOR_IPHONE_IPAD = NO;
				SWIFT_EMIT_LOC_STRINGS = YES;
				SWIFT_VERSION = 5.0;
				TARGETED_DEVICE_FAMILY = 1;
			};
			name = Release;
		};
/* End XCBuildConfiguration section */

/* Begin XCConfigurationList section */
		7F11037C2A89922F00036174 /* Build configuration list for PBXProject "Onyx-Delivery" */ = {
			isa = XCConfigurationList;
			buildConfigurations = (
				7F1103932A89923200036174 /* Debug */,
				7F1103942A89923200036174 /* Release */,
			);
			defaultConfigurationIsVisible = 0;
			defaultConfigurationName = Release;
		};
		7F1103952A89923200036174 /* Build configuration list for PBXNativeTarget "Onyx-Delivery" */ = {
			isa = XCConfigurationList;
			buildConfigurations = (
				7F1103962A89923200036174 /* Debug */,
				7F1103972A89923200036174 /* Release */,
			);
			defaultConfigurationIsVisible = 0;
			defaultConfigurationName = Release;
		};
/* End XCConfigurationList section */

/* Begin XCRemoteSwiftPackageReference section */
		7FC82D4C2A899FF600A4895E /* XCRemoteSwiftPackageReference "RxSwift" */ = {
			isa = XCRemoteSwiftPackageReference;
			repositoryURL = "https://github.com/ReactiveX/RxSwift.git";
			requirement = {
				branch = main;
				kind = branch;
			};
		};
/* End XCRemoteSwiftPackageReference section */

/* Begin XCSwiftPackageProductDependency section */
		7FC82D4D2A899FF600A4895E /* RxCocoa */ = {
			isa = XCSwiftPackageProductDependency;
			package = 7FC82D4C2A899FF600A4895E /* XCRemoteSwiftPackageReference "RxSwift" */;
			productName = RxCocoa;
		};
		7FC82D4F2A899FF600A4895E /* RxRelay */ = {
			isa = XCSwiftPackageProductDependency;
			package = 7FC82D4C2A899FF600A4895E /* XCRemoteSwiftPackageReference "RxSwift" */;
			productName = RxRelay;
		};
		7FC82D512A899FF600A4895E /* RxSwift */ = {
			isa = XCSwiftPackageProductDependency;
			package = 7FC82D4C2A899FF600A4895E /* XCRemoteSwiftPackageReference "RxSwift" */;
			productName = RxSwift;
		};
/* End XCSwiftPackageProductDependency section */
	};
	rootObject = 7F1103792A89922F00036174 /* Project object */;
}
